[[package]]
name = "atomicwrites"
version = "1.4.0"
description = "Atomic file writes."
category = "dev"
optional = false
python-versions = ">=2.7, !=3.0.*, !=3.1.*, !=3.2.*, !=3.3.*"

[[package]]
name = "attrs"
version = "21.4.0"
description = "Classes Without Boilerplate"
category = "dev"
optional = false
python-versions = ">=2.7, !=3.0.*, !=3.1.*, !=3.2.*, !=3.3.*, !=3.4.*"

[package.extras]
dev = ["coverage[toml] (>=5.0.2)", "hypothesis", "pympler", "pytest (>=4.3.0)", "six", "mypy", "pytest-mypy-plugins", "zope.interface", "furo", "sphinx", "sphinx-notfound-page", "pre-commit", "cloudpickle"]
docs = ["furo", "sphinx", "zope.interface", "sphinx-notfound-page"]
tests = ["coverage[toml] (>=5.0.2)", "hypothesis", "pympler", "pytest (>=4.3.0)", "six", "mypy", "pytest-mypy-plugins", "zope.interface", "cloudpickle"]
tests_no_zope = ["coverage[toml] (>=5.0.2)", "hypothesis", "pympler", "pytest (>=4.3.0)", "six", "mypy", "pytest-mypy-plugins", "cloudpickle"]

[[package]]
name = "click"
version = "8.1.3"
description = "Composable command line interface toolkit"
category = "main"
optional = false
python-versions = ">=3.7"

[package.dependencies]
colorama = {version = "*", markers = "platform_system == \"Windows\""}

[[package]]
name = "colorama"
version = "0.4.5"
description = "Cross-platform colored terminal text."
category = "main"
optional = false
python-versions = ">=2.7, !=3.0.*, !=3.1.*, !=3.2.*, !=3.3.*, !=3.4.*"

[[package]]
name = "commonmark"
version = "0.9.1"
description = "Python parser for the CommonMark Markdown spec"
category = "main"
optional = false
python-versions = "*"

[package.extras]
test = ["flake8 (==3.7.8)", "hypothesis (==3.55.3)"]

[[package]]
name = "iniconfig"
version = "1.1.1"
description = "iniconfig: brain-dead simple config-ini parsing"
category = "dev"
optional = false
python-versions = "*"

[[package]]
name = "markdown2"
version = "2.4.3"
description = "A fast and complete Python implementation of Markdown"
category = "main"
optional = false
python-versions = ">=3.5, <4"

[[package]]
name = "packaging"
version = "21.3"
description = "Core utilities for Python packages"
category = "dev"
optional = false
python-versions = ">=3.6"

[package.dependencies]
pyparsing = ">=2.0.2,<3.0.5 || >3.0.5"

[[package]]
name = "pluggy"
version = "1.0.0"
description = "plugin and hook calling mechanisms for python"
category = "dev"
optional = false
python-versions = ">=3.6"

[package.extras]
dev = ["pre-commit", "tox"]
testing = ["pytest", "pytest-benchmark"]

[[package]]
name = "prompt-toolkit"
version = "3.0.30"
description = "Library for building powerful interactive command lines in Python"
category = "main"
optional = false
python-versions = ">=3.6.2"

[package.dependencies]
wcwidth = "*"

[[package]]
name = "py"
version = "1.11.0"
description = "library with cross-python path, ini-parsing, io, code, log facilities"
category = "dev"
optional = false
python-versions = ">=2.7, !=3.0.*, !=3.1.*, !=3.2.*, !=3.3.*, !=3.4.*"

[[package]]
name = "py-applescript"
version = "1.0.3"
description = "An easy-to-use Python wrapper for NSAppleScript, allowing Python scripts to communicate with AppleScripts and AppleScriptable applications."
category = "main"
optional = false
python-versions = "*"

[package.dependencies]
pyobjc-core = "*"
pyobjc-framework-AppleScriptKit = "*"
pyobjc-framework-AppleScriptObjC = "*"

[[package]]
name = "pygments"
version = "2.12.0"
description = "Pygments is a syntax highlighting package written in Python."
category = "main"
optional = false
python-versions = ">=3.6"

[[package]]
name = "pyobjc-core"
version = "8.5"
description = "Python<->ObjC Interoperability Module"
category = "main"
optional = false
python-versions = ">=3.6"

[[package]]
name = "pyobjc-framework-applescriptkit"
version = "8.5"
description = "Wrappers for the framework AppleScriptKit on macOS"
category = "main"
optional = false
python-versions = ">=3.6"

[package.dependencies]
pyobjc-core = ">=8.5"
pyobjc-framework-Cocoa = ">=8.5"

[[package]]
name = "pyobjc-framework-applescriptobjc"
version = "8.5"
description = "Wrappers for the framework AppleScriptObjC on macOS"
category = "main"
optional = false
python-versions = ">=3.6"

[package.dependencies]
pyobjc-core = ">=8.5"
pyobjc-framework-Cocoa = ">=8.5"

[[package]]
name = "pyobjc-framework-cocoa"
version = "8.5"
description = "Wrappers for the Cocoa frameworks on macOS"
category = "main"
optional = false
python-versions = ">=3.6"

[package.dependencies]
pyobjc-core = ">=8.5"

[[package]]
name = "pyparsing"
version = "3.0.9"
description = "pyparsing module - Classes and methods to define and execute parsing grammars"
category = "dev"
optional = false
python-versions = ">=3.6.8"

[package.extras]
diagrams = ["railroad-diagrams", "jinja2"]

[[package]]
name = "pytest"
version = "7.1.2"
description = "pytest: simple powerful testing with Python"
category = "dev"
optional = false
python-versions = ">=3.7"

[package.dependencies]
atomicwrites = {version = ">=1.0", markers = "sys_platform == \"win32\""}
attrs = ">=19.2.0"
colorama = {version = "*", markers = "sys_platform == \"win32\""}
iniconfig = "*"
packaging = "*"
pluggy = ">=0.12,<2.0"
py = ">=1.8.2"
tomli = ">=1.0.0"

[package.extras]
testing = ["argcomplete", "hypothesis (>=3.56)", "mock", "nose", "pygments (>=2.7.2)", "requests", "xmlschema"]

[[package]]
name = "questionary"
version = "1.10.0"
description = "Python library to build pretty command line user prompts ⭐️"
category = "main"
optional = false
python-versions = ">=3.6,<4.0"

[package.dependencies]
prompt_toolkit = ">=2.0,<4.0"

[package.extras]
docs = ["Sphinx (>=3.3,<4.0)", "sphinx-rtd-theme (>=0.5.0,<0.6.0)", "sphinx-autobuild (>=2020.9.1,<2021.0.0)", "sphinx-copybutton (>=0.3.1,<0.4.0)", "sphinx-autodoc-typehints (>=1.11.1,<2.0.0)"]

[[package]]
name = "rich"
version = "12.4.4"
description = "Render rich text, tables, progress bars, syntax highlighting, markdown and more to the terminal"
category = "main"
optional = false
python-versions = ">=3.6.3,<4.0.0"

[package.dependencies]
commonmark = ">=0.9.0,<0.10.0"
pygments = ">=2.6.0,<3.0.0"
typing-extensions = {version = ">=4.0.0,<5.0", markers = "python_version < \"3.9\""}

[package.extras]
jupyter = ["ipywidgets (>=7.5.1,<8.0.0)"]

[[package]]
name = "toml"
version = "0.10.2"
description = "Python Library for Tom's Obvious, Minimal Language"
category = "main"
optional = false
python-versions = ">=2.6, !=3.0.*, !=3.1.*, !=3.2.*"

[[package]]
name = "tomli"
version = "2.0.1"
description = "A lil' TOML parser"
category = "dev"
optional = false
python-versions = ">=3.7"

[[package]]
name = "typing-extensions"
version = "4.3.0"
description = "Backported and Experimental Type Hints for Python 3.7+"
category = "main"
optional = false
python-versions = ">=3.7"

[[package]]
name = "wcwidth"
version = "0.2.5"
description = "Measures the displayed width of unicode strings in a terminal"
category = "main"
optional = false
python-versions = "*"

[metadata]
lock-version = "1.1"
python-versions = "^3.8"
content-hash = "0e11ca73f598487240591565870c997d1c95fc39df2055a78e1070f1f6d27bf6"

[metadata.files]
atomicwrites = [
    {file = "atomicwrites-1.4.0-py2.py3-none-any.whl", hash = "sha256:6d1784dea7c0c8d4a5172b6c620f40b6e4cbfdf96d783691f2e1302a7b88e197"},
    {file = "atomicwrites-1.4.0.tar.gz", hash = "sha256:ae70396ad1a434f9c7046fd2dd196fc04b12f9e91ffb859164193be8b6168a7a"},
]
attrs = [
    {file = "attrs-21.4.0-py2.py3-none-any.whl", hash = "sha256:2d27e3784d7a565d36ab851fe94887c5eccd6a463168875832a1be79c82828b4"},
    {file = "attrs-21.4.0.tar.gz", hash = "sha256:626ba8234211db98e869df76230a137c4c40a12d72445c45d5f5b716f076e2fd"},
]
click = [
    {file = "click-8.1.3-py3-none-any.whl", hash = "sha256:bb4d8133cb15a609f44e8213d9b391b0809795062913b383c62be0ee95b1db48"},
    {file = "click-8.1.3.tar.gz", hash = "sha256:7682dc8afb30297001674575ea00d1814d808d6a36af415a82bd481d37ba7b8e"},
]
colorama = [
    {file = "colorama-0.4.5-py2.py3-none-any.whl", hash = "sha256:854bf444933e37f5824ae7bfc1e98d5bce2ebe4160d46b5edf346a89358e99da"},
    {file = "colorama-0.4.5.tar.gz", hash = "sha256:e6c6b4334fc50988a639d9b98aa429a0b57da6e17b9a44f0451f930b6967b7a4"},
]
commonmark = [
    {file = "commonmark-0.9.1-py2.py3-none-any.whl", hash = "sha256:da2f38c92590f83de410ba1a3cbceafbc74fee9def35f9251ba9a971d6d66fd9"},
    {file = "commonmark-0.9.1.tar.gz", hash = "sha256:452f9dc859be7f06631ddcb328b6919c67984aca654e5fefb3914d54691aed60"},
]
iniconfig = [
    {file = "iniconfig-1.1.1-py2.py3-none-any.whl", hash = "sha256:011e24c64b7f47f6ebd835bb12a743f2fbe9a26d4cecaa7f53bc4f35ee9da8b3"},
    {file = "iniconfig-1.1.1.tar.gz", hash = "sha256:bc3af051d7d14b2ee5ef9969666def0cd1a000e121eaea580d4a313df4b37f32"},
]
markdown2 = []
packaging = [
    {file = "packaging-21.3-py3-none-any.whl", hash = "sha256:ef103e05f519cdc783ae24ea4e2e0f508a9c99b2d4969652eed6a2e1ea5bd522"},
    {file = "packaging-21.3.tar.gz", hash = "sha256:dd47c42927d89ab911e606518907cc2d3a1f38bbd026385970643f9c5b8ecfeb"},
]
pluggy = [
    {file = "pluggy-1.0.0-py2.py3-none-any.whl", hash = "sha256:74134bbf457f031a36d68416e1509f34bd5ccc019f0bcc952c7b909d06b37bd3"},
    {file = "pluggy-1.0.0.tar.gz", hash = "sha256:4224373bacce55f955a878bf9cfa763c1e360858e330072059e10bad68531159"},
]
prompt-toolkit = []
py = [
    {file = "py-1.11.0-py2.py3-none-any.whl", hash = "sha256:607c53218732647dff4acdfcd50cb62615cedf612e72d1724fb1a0cc6405b378"},
    {file = "py-1.11.0.tar.gz", hash = "sha256:51c75c4126074b472f746a24399ad32f6053d1b34b68d2fa41e558e6f4a98719"},
]
py-applescript = [
    {file = "py-applescript-1.0.3.tar.gz", hash = "sha256:fa22c955fc25b3d24e03e66825b36a721897ec0d9b6ce185a4d177e2d1ecfa6b"},
    {file = "py_applescript-1.0.3-py3-none-any.whl", hash = "sha256:eb21dfc6e845a40be602372a5c3d6317f7ad3c999c2c355a00d1a19bdb1d57c0"},
]
pygments = [
    {file = "Pygments-2.12.0-py3-none-any.whl", hash = "sha256:dc9c10fb40944260f6ed4c688ece0cd2048414940f1cea51b8b226318411c519"},
    {file = "Pygments-2.12.0.tar.gz", hash = "sha256:5eb116118f9612ff1ee89ac96437bb6b49e8f04d8a13b514ba26f620208e26eb"},
]
pyobjc-core = [
    {file = "pyobjc-core-8.5.tar.gz", hash = "sha256:704c275439856c0d1287469f0d589a7d808d48b754a93d9ce5415d4eaf06d576"},
    {file = "pyobjc_core-8.5-cp310-cp310-macosx_10_9_universal2.whl", hash = "sha256:0c234143b48334443f5adcf26e668945a6d47bc1fa6223e80918c6c735a029d9"},
    {file = "pyobjc_core-8.5-cp36-cp36m-macosx_10_9_x86_64.whl", hash = "sha256:1486ee533f0d76f666804ce89723ada4db56bfde55e56151ba512d3f849857f8"},
    {file = "pyobjc_core-8.5-cp37-cp37m-macosx_10_9_x86_64.whl", hash = "sha256:412de06dfa728301c04b3e46fd7453320a8ae8b862e85236e547cd797a73b490"},
    {file = "pyobjc_core-8.5-cp38-cp38-macosx_10_9_x86_64.whl", hash = "sha256:0b3e09cccb1be574a82cc9f929ae27fc4283eccc75496cb5d51534caa6bb83a3"},
    {file = "pyobjc_core-8.5-cp38-cp38-macosx_11_0_universal2.whl", hash = "sha256:eeafe21f879666ab7f57efcc6b007c9f5f8733d367b7e380c925203ed83f000d"},
    {file = "pyobjc_core-8.5-cp39-cp39-macosx_10_9_universal2.whl", hash = "sha256:c0071686976d7ea8c14690950e504a13cb22b4ebb2bc7b5ec47c1c1c0f6eff41"},
]
pyobjc-framework-applescriptkit = [
    {file = "pyobjc-framework-AppleScriptKit-8.5.tar.gz", hash = "sha256:0b8fc247a72cec76b991d2ce9bf57bcab12510a4fcc3145f01c778ecd7592d25"},
    {file = "pyobjc_framework_AppleScriptKit-8.5-py2.py3-none-any.whl", hash = "sha256:1740850a3e970ec2a119658d4c00d1cd4c4f6aab16f4d0a08b093f78e2615a97"},
]
pyobjc-framework-applescriptobjc = [
    {file = "pyobjc-framework-AppleScriptObjC-8.5.tar.gz", hash = "sha256:0468b0d2b87e26d1ffd6be01a2a3b1188ff8a732cfb4d7b26ad25172bb5eadf3"},
    {file = "pyobjc_framework_AppleScriptObjC-8.5-py2.py3-none-any.whl", hash = "sha256:68ed0548de2d99b7f6c989ac499986136162f48a996a75fd1a6131507c1bb8d5"},
]
pyobjc-framework-cocoa = [
    {file = "pyobjc-framework-Cocoa-8.5.tar.gz", hash = "sha256:569bd3a020f64b536fb2d1c085b37553e50558c9f907e08b73ffc16ae68e1861"},
    {file = "pyobjc_framework_Cocoa-8.5-cp310-cp310-macosx_10_9_universal2.whl", hash = "sha256:7a7c160416696bf6035dfcdf0e603aaa52858d6afcddfcc5ab41733619ac2529"},
    {file = "pyobjc_framework_Cocoa-8.5-cp36-cp36m-macosx_10_9_x86_64.whl", hash = "sha256:6ceba444282030be8596b812260e8d28b671254a51052ad778d32da6e17db847"},
    {file = "pyobjc_framework_Cocoa-8.5-cp37-cp37m-macosx_10_9_x86_64.whl", hash = "sha256:f46b2b161b8dd40c7b9e00bc69636c3e6480b2704a69aee22ee0154befbe163a"},
    {file = "pyobjc_framework_Cocoa-8.5-cp38-cp38-macosx_10_9_x86_64.whl", hash = "sha256:b31d425aee8698cbf62b187338f5ca59427fa4dca2153a73866f7cb410713119"},
    {file = "pyobjc_framework_Cocoa-8.5-cp38-cp38-macosx_11_0_universal2.whl", hash = "sha256:898359ac1f76eedec8aa156847682378a8950824421c40edb89391286e607dc4"},
    {file = "pyobjc_framework_Cocoa-8.5-cp39-cp39-macosx_10_9_universal2.whl", hash = "sha256:baa2947f76b119a3360973d74d57d6dada87ac527bab9a88f31596af392f123c"},
]
pyparsing = [
    {file = "pyparsing-3.0.9-py3-none-any.whl", hash = "sha256:5026bae9a10eeaefb61dab2f09052b9f4307d44aee4eda64b309723d8d206bbc"},
    {file = "pyparsing-3.0.9.tar.gz", hash = "sha256:2b020ecf7d21b687f219b71ecad3631f644a47f01403fa1d1036b0c6416d70fb"},
]
pytest = [
    {file = "pytest-7.1.2-py3-none-any.whl", hash = "sha256:13d0e3ccfc2b6e26be000cb6568c832ba67ba32e719443bfe725814d3c42433c"},
    {file = "pytest-7.1.2.tar.gz", hash = "sha256:a06a0425453864a270bc45e71f783330a7428defb4230fb5e6a731fde06ecd45"},
]
questionary = []
rich = []
toml = []
tomli = [
    {file = "tomli-2.0.1-py3-none-any.whl", hash = "sha256:939de3e7a6161af0c887ef91b7d41a53e7c5a1ca976325f429cb46ea9bc30ecc"},
    {file = "tomli-2.0.1.tar.gz", hash = "sha256:de526c12914f0c550d15924c62d72abc48d6fe7364aa87328337a31007fe8a4f"},
]
typing-extensions = []
wcwidth = [
    {file = "wcwidth-0.2.5-py2.py3-none-any.whl", hash = "sha256:beb4802a9cebb9144e99086eff703a642a13d6a0052920003a230f3294bbe784"},
    {file = "wcwidth-0.2.5.tar.gz", hash = "sha256:c4d647b99872929fdb7bdcaa4fbe7f01413ed3d98077df798530e5b04f116c83"},
]
